# This file is autogenerated, do not edit; changes may be undone by the next 'dep ensure'.


[[projects]]
  digest = "1:a847ee577e9167bb105be2c006039fe52aa40cf11f79548fb63e74b19f5ffb56"
  name = "github.com/aliyun/alibaba-cloud-sdk-go"
  packages = [
    "sdk",
    "sdk/auth",
    "sdk/auth/credentials",
    "sdk/auth/credentials/provider",
    "sdk/auth/signers",
    "sdk/endpoints",
    "sdk/errors",
    "sdk/requests",
    "sdk/responses",
    "sdk/utils",
    "services/ons",
  ]
  pruneopts = "UT"
  revision = "ad01bffd6e007d2e0d65ef09b4b90c4c61726cd7"
  version = "v1.60.327"

[[projects]]
  digest = "1:68355419a4217ff45b6e3b2a7db22f8a8d75ffd5f0d456edcf6148d55e78c4b2"
  name = "github.com/emirpasic/gods"
  packages = [
    "containers",
    "maps",
    "maps/treemap",
    "trees",
    "trees/redblacktree",
    "utils",
  ]
  pruneopts = "UT"
  revision = "1615341f118ae12f353cc8a983f35b584342c9b3"
  version = "v1.12.0"

[[projects]]
  digest = "1:be408f349cae090a7c17a279633d6e62b00068e64af66a582cae0983de8890ea"
  name = "github.com/golang/mock"
  packages = ["gomock"]
  pruneopts = "UT"
  revision = "9fa652df1129bef0e734c9cf9bf6dbae9ef3b9fa"
  version = "1.3.1"

[[projects]]
  digest = "1:b87714e57a511d88f307aba7d5b63522da12bed0a050889c81272fc50f71100e"
  name = "github.com/jmespath/go-jmespath"
  packages = ["."]
  pruneopts = "UT"
  revision = "3433f3ea46d9f8019119e7dd41274e112a2359a9"
  version = "0.2.2"

[[projects]]
  digest = "1:7cd2924a44ecf80a319cfa2378529fabd348d011b739fb4eccc565f65e3296c4"
  name = "github.com/json-iterator/go"
  packages = ["."]
  pruneopts = "UT"
  revision = "acfec88f7a0d5140ace3dcdbee10184e3684a9e1"
  version = "v1.1.9"

[[projects]]
  digest = "1:31e761d97c76151dde79e9d28964a812c46efc5baee4085b86f68f0c654450de"
  name = "github.com/konsorten/go-windows-terminal-sequences"
  packages = ["."]
  pruneopts = "UT"
  revision = "f55edac94c9bbba5d6182a4be46d86a2c9b5b50e"
  version = "v1.0.2"

[[projects]]
  digest = "1:33422d238f147d247752996a26574ac48dcf472976eda7f5134015f06bf16563"
  name = "github.com/modern-go/concurrent"
  packages = ["."]
  pruneopts = "UT"
  revision = "bacd9c7ef1dd9b15be4a9909b8ac7a4e313eec94"
  version = "1.0.3"

[[projects]]
  digest = "1:e32bdbdb7c377a07a9a46378290059822efdce5c8d96fe71940d87cb4f918855"
  name = "github.com/modern-go/reflect2"
  packages = ["."]
  pruneopts = "UT"
  revision = "4b7aa43c6742a2c18fdef89dd197aaae7dac7ccd"
  version = "1.0.1"

[[projects]]
  digest = "1:cf31692c14422fa27c83a05292eb5cbe0fb2775972e8f1f8446a71549bd8980b"
  name = "github.com/pkg/errors"
  packages = ["."]
  pruneopts = "UT"
  revision = "ba968bfe8b2f7e042a574c888954fccecfa385b4"
  version = "v0.8.1"

[[projects]]
  digest = "1:04457f9f6f3ffc5fea48e71d62f2ca256637dee0a04d710288e27e05c8b41976"
  name = "github.com/sirupsen/logrus"
  packages = ["."]
  pruneopts = "UT"
  revision = "839c75faf7f98a33d445d181f3018b5c3409a45e"
  version = "v1.4.2"

[[projects]]
  digest = "1:719b772d0c56bbf1acd3a748f88b9d02ff6da543994b5d7e1adf052eb5b693a1"
  name = "github.com/tidwall/gjson"
  packages = ["."]
  pruneopts = "UT"
  revision = "5c2e4b382486589dad7478130a364ee2fa6a068b"
  version = "v1.3.5"

[[projects]]
  digest = "1:8453ddbed197809ee8ca28b06bd04e127bec9912deb4ba451fea7a1eca578328"
  name = "github.com/tidwall/match"
  packages = ["."]
  pruneopts = "UT"
  revision = "33827db735fff6510490d69a8622612558a557ed"
  version = "v1.0.1"

[[projects]]
  digest = "1:ddfe0a54e5f9b29536a6d7b2defa376f2cb2b6e4234d676d7ff214d5b097cb50"
  name = "github.com/tidwall/pretty"
  packages = ["."]
  pruneopts = "UT"
  revision = "1166b9ac2b65e46a43d8618d30d1554f4652d49b"
  version = "v1.0.0"

[[projects]]
  digest = "1:f960aa66ba6c26c75bfd1915b57be4c3032c311ef5185cda41fd2e60d6fd8ee7"
  name = "github.com/xiaojiaoyu100/rocketmq-client-go"
  packages = [
    ".",
    "consumer",
    "internal",
    "internal/remote",
    "internal/utils",
    "primitive",
    "producer",
    "rlog",
  ]
  pruneopts = "UT"
  revision = "f6ca3ffe474136dfea87f92dec3aa374e79a62c2"
  version = "v3.0.7"

[[projects]]
  digest = "1:e8e7e8440497da9f4e98ec8ef1292df1f626800cd76971757fe556236284b2ad"
  name = "github.com/xiaojiaoyu100/windlord"
  packages = ["alirmq"]
  pruneopts = "UT"
  revision = "49ee843dfc7bea7a4583bb0b256565bd17183ac0"
  version = "v0.1.4"

[[projects]]
  digest = "1:c708d00d1097e62bf4f3a72f239efa7dafc257581421b0b7d3789e1ff5299f30"
  name = "go.uber.org/atomic"
  packages = ["."]
  pruneopts = "UT"
  revision = "40ae6a40a970ef4cdbffa7b24b280e316db8accc"
  version = "v1.5.1"

[[projects]]
  branch = "master"
  digest = "1:334b27eac455cb6567ea28cd424230b07b1a64334a2f861a8075ac26ce10af43"
  name = "golang.org/x/lint"
  packages = [
    ".",
    "golint",
  ]
  pruneopts = "UT"
  revision = "fdd1cda4f05fd1fd86124f0ef9ce31a0b72c8448"

[[projects]]
  branch = "master"
  digest = "1:e13350b7207ecc34977340d53522e0335dd36ed86ca7c346a36d2e88eb0fadfc"
  name = "golang.org/x/sys"
  packages = ["unix"]
  pruneopts = "UT"
  revision = "548cf772de5052aa878ccb47cdeb7d262b75c8ec"

[[projects]]
  branch = "master"
  digest = "1:4eb5ea8395fb60212dd58b92c9db80bab59d5e99c7435f9a6a0a528c373b60e7"
  name = "golang.org/x/tools"
  packages = [
    "go/ast/astutil",
    "go/gcexportdata",
    "go/internal/gcimporter",
    "go/types/typeutil",
  ]
  pruneopts = "UT"
  revision = "e2f26524b78cce00305e6af91fbd13ab567aaaa3"

[[projects]]
  digest = "1:c4b5592c342f273e18de68e16957f536f6648f2e90c9d7ece653ac90c22079a9"
  name = "gopkg.in/ini.v1"
  packages = ["."]
  pruneopts = "UT"
  revision = "94291fffe2b14f4632ec0e67c1bfecfc1287a168"
  version = "v1.51.1"

[[projects]]
  digest = "1:e5120c4f47678d94949614b0769758677cd3d64b5b81a5fb4351a669ba318507"
  name = "stathat.com/c/consistent"
  packages = ["."]
  pruneopts = "UT"
  revision = "ad91dc4a3a642859730ff3d65929fce009bfdc23"
  version = "v1.0.0"

[solve-meta]
  analyzer-name = "dep"
  analyzer-version = 1
  input-imports = [
    "github.com/aliyun/alibaba-cloud-sdk-go/sdk/requests",
    "github.com/aliyun/alibaba-cloud-sdk-go/services/ons",
    "github.com/sirupsen/logrus",
    "github.com/xiaojiaoyu100/rocketmq-client-go",
    "github.com/xiaojiaoyu100/rocketmq-client-go/consumer",
    "github.com/xiaojiaoyu100/rocketmq-client-go/primitive",
    "github.com/xiaojiaoyu100/rocketmq-client-go/producer",
    "github.com/xiaojiaoyu100/windlord/alirmq",
  ]
  solver-name = "gps-cdcl"
  solver-version = 1
